
Microsoft Visual Studio Solution File, Format Version 12.00
# Visual Studio Version 17
VisualStudioVersion = 17.9.34728.123
MinimumVisualStudioVersion = 10.0.40219.1
Project("{FAE04EC0-301F-11D3-BF4B-00C04F79EFBC}") = "MICHO_API", "MICHO_API\MICHO_API.csproj", "{4AD78BED-CB55-4E18-B1E8-2492A9E7DFF6}"
EndProject
Project("{FAE04EC0-301F-11D3-BF4B-00C04F79EFBC}") = "MICHO_Client", "MICHO_Client\MICHO_Client.csproj", "{354EB3DA-1F4F-4722-966B-5990DBB15936}"
EndProject
Project("{FAE04EC0-301F-11D3-BF4B-00C04F79EFBC}") = "MICHO_data", "MICHO_data\MICHO_data.csproj", "{C22A3C3C-4F56-4969-AAB7-EAA071748EA8}"
EndProject
Global
	GlobalSection(SolutionConfigurationPlatforms) = preSolution
		Debug|Any CPU = Debug|Any CPU
		Release|Any CPU = Release|Any CPU
	EndGlobalSection
	GlobalSection(ProjectConfigurationPlatforms) = postSolution
		{4AD78BED-CB55-4E18-B1E8-2492A9E7DFF6}.Debug|Any CPU.ActiveCfg = Debug|Any CPU
		{4AD78BED-CB55-4E18-B1E8-2492A9E7DFF6}.Debug|Any CPU.Build.0 = Debug|Any CPU
		{4AD78BED-CB55-4E18-B1E8-2492A9E7DFF6}.Release|Any CPU.ActiveCfg = Release|Any CPU
		{4AD78BED-CB55-4E18-B1E8-2492A9E7DFF6}.Release|Any CPU.Build.0 = Release|Any CPU
		{354EB3DA-1F4F-4722-966B-5990DBB15936}.Debug|Any CPU.ActiveCfg = Debug|Any CPU
		{354EB3DA-1F4F-4722-966B-5990DBB15936}.Debug|Any CPU.Build.0 = Debug|Any CPU
		{354EB3DA-1F4F-4722-966B-5990DBB15936}.Release|Any CPU.ActiveCfg = Release|Any CPU
		{354EB3DA-1F4F-4722-966B-5990DBB15936}.Release|Any CPU.Build.0 = Release|Any CPU
		{C22A3C3C-4F56-4969-AAB7-EAA071748EA8}.Debug|Any CPU.ActiveCfg = Debug|Any CPU
		{C22A3C3C-4F56-4969-AAB7-EAA071748EA8}.Debug|Any CPU.Build.0 = Debug|Any CPU
		{C22A3C3C-4F56-4969-AAB7-EAA071748EA8}.Release|Any CPU.ActiveCfg = Release|Any CPU
		{C22A3C3C-4F56-4969-AAB7-EAA071748EA8}.Release|Any CPU.Build.0 = Release|Any CPU
	EndGlobalSection
	GlobalSection(SolutionProperties) = preSolution
		HideSolutionNode = FALSE
	EndGlobalSection
	GlobalSection(ExtensibilityGlobals) = postSolution
		SolutionGuid = {A301E482-0ABA-4964-B937-D549A1B0A997}
	EndGlobalSection
EndGlobal
